
Microsoft Visual Studio Solution File, Format Version 12.00
# Visual Studio Version 16
VisualStudioVersion = 16.0.31019.35
MinimumVisualStudioVersion = 10.0.40219.1
Project("{FAE04EC0-301F-11D3-BF4B-00C04F79EFBC}") = "GraphicsLab2", "GraphicsLab2.csproj", "{5E7ABFC3-B511-43DC-8BFF-4691AF7B4531}"
EndProject
Global
	GlobalSection(SolutionConfigurationPlatforms) = preSolution
		Debug|Any CPU = Debug|Any CPU
		Release|Any CPU = Release|Any CPU
	EndGlobalSection
	GlobalSection(ProjectConfigurationPlatforms) = postSolution
		{5E7ABFC3-B511-43DC-8BFF-4691AF7B4531}.Debug|Any CPU.ActiveCfg = Debug|Any CPU
		{5E7ABFC3-B511-43DC-8BFF-4691AF7B4531}.Debug|Any CPU.Build.0 = Debug|Any CPU
		{5E7ABFC3-B511-43DC-8BFF-4691AF7B4531}.Release|Any CPU.ActiveCfg = Release|Any CPU
		{5E7ABFC3-B511-43DC-8BFF-4691AF7B4531}.Release|Any CPU.Build.0 = Release|Any CPU
	EndGlobalSection
	GlobalSection(SolutionProperties) = preSolution
		HideSolutionNode = FALSE
	EndGlobalSection
	GlobalSection(ExtensibilityGlobals) = postSolution
		SolutionGuid = {E1C4D6E1-A0FF-4862-8504-B0EB6D0AE8E6}
	EndGlobalSection
EndGlobal
